// !$*UTF8*$!
{
	archiveVersion = 1;
	classes = {
	};
	objectVersion = 50;
	objects = {

/* Begin PBXBuildFile section */
		2E48A26124D71171006EA273 /* CustomTableViewCell.swift in Sources */ = {isa = PBXBuildFile; fileRef = 2E48A26024D71171006EA273 /* CustomTableViewCell.swift */; };
		2E48A26324D71769006EA273 /* PlaceModel.swift in Sources */ = {isa = PBXBuildFile; fileRef = 2E48A26224D71768006EA273 /* PlaceModel.swift */; };
		2EB31FD524D7CEFB00F8BD67 /* NewPlaceViewController.swift in Sources */ = {isa = PBXBuildFile; fileRef = 2EB31FD424D7CEFB00F8BD67 /* NewPlaceViewController.swift */; };
		2EF41E1C24D6F64200422C5C /* AppDelegate.swift in Sources */ = {isa = PBXBuildFile; fileRef = 2EF41E1B24D6F64200422C5C /* AppDelegate.swift */; };
		2EF41E1E24D6F64200422C5C /* SceneDelegate.swift in Sources */ = {isa = PBXBuildFile; fileRef = 2EF41E1D24D6F64200422C5C /* SceneDelegate.swift */; };
		2EF41E2324D6F64200422C5C /* Main.storyboard in Resources */ = {isa = PBXBuildFile; fileRef = 2EF41E2124D6F64200422C5C /* Main.storyboard */; };
		2EF41E2524D6F64600422C5C /* Assets.xcassets in Resources */ = {isa = PBXBuildFile; fileRef = 2EF41E2424D6F64600422C5C /* Assets.xcassets */; };
		2EF41E2824D6F64600422C5C /* LaunchScreen.storyboard in Resources */ = {isa = PBXBuildFile; fileRef = 2EF41E2624D6F64600422C5C /* LaunchScreen.storyboard */; };
		2EF41E3024D6F68E00422C5C /* .gitignore in Resources */ = {isa = PBXBuildFile; fileRef = 2EF41E2F24D6F68E00422C5C /* .gitignore */; };
		2EF41E3224D6F82000422C5C /* MainViewController.swift in Sources */ = {isa = PBXBuildFile; fileRef = 2EF41E3124D6F82000422C5C /* MainViewController.swift */; };
/* End PBXBuildFile section */

/* Begin PBXFileReference section */
		2E48A26024D71171006EA273 /* CustomTableViewCell.swift */ = {isa = PBXFileReference; lastKnownFileType = sourcecode.swift; path = CustomTableViewCell.swift; sourceTree = "<group>"; };
		2E48A26224D71768006EA273 /* PlaceModel.swift */ = {isa = PBXFileReference; lastKnownFileType = sourcecode.swift; path = PlaceModel.swift; sourceTree = "<group>"; };
		2EB31FD424D7CEFB00F8BD67 /* NewPlaceViewController.swift */ = {isa = PBXFileReference; lastKnownFileType = sourcecode.swift; path = NewPlaceViewController.swift; sourceTree = "<group>"; };
		2EF41E1824D6F64200422C5C /* MyPlaces.app */ = {isa = PBXFileReference; explicitFileType = wrapper.application; includeInIndex = 0; path = MyPlaces.app; sourceTree = BUILT_PRODUCTS_DIR; };
		2EF41E1B24D6F64200422C5C /* AppDelegate.swift */ = {isa = PBXFileReference; lastKnownFileType = sourcecode.swift; path = AppDelegate.swift; sourceTree = "<group>"; };
		2EF41E1D24D6F64200422C5C /* SceneDelegate.swift */ = {isa = PBXFileReference; lastKnownFileType = sourcecode.swift; path = SceneDelegate.swift; sourceTree = "<group>"; };
		2EF41E2224D6F64200422C5C /* Base */ = {isa = PBXFileReference; lastKnownFileType = file.storyboard; name = Base; path = Base.lproj/Main.storyboard; sourceTree = "<group>"; };
		2EF41E2424D6F64600422C5C /* Assets.xcassets */ = {isa = PBXFileReference; lastKnownFileType = folder.assetcatalog; path = Assets.xcassets; sourceTree = "<group>"; };
		2EF41E2724D6F64600422C5C /* Base */ = {isa = PBXFileReference; lastKnownFileType = file.storyboard; name = Base; path = Base.lproj/LaunchScreen.storyboard; sourceTree = "<group>"; };
		2EF41E2924D6F64600422C5C /* Info.plist */ = {isa = PBXFileReference; lastKnownFileType = text.plist.xml; path = Info.plist; sourceTree = "<group>"; };
		2EF41E2F24D6F68E00422C5C /* .gitignore */ = {isa = PBXFileReference; lastKnownFileType = text; path = .gitignore; sourceTree = "<group>"; };
		2EF41E3124D6F82000422C5C /* MainViewController.swift */ = {isa = PBXFileReference; lastKnownFileType = sourcecode.swift; path = MainViewController.swift; sourceTree = "<group>"; };
/* End PBXFileReference section */

/* Begin PBXFrameworksBuildPhase section */
		2EF41E1524D6F64200422C5C /* Frameworks */ = {
			isa = PBXFrameworksBuildPhase;
			buildActionMask = 2147483647;
			files = (
			);
			runOnlyForDeploymentPostprocessing = 0;
		};
/* End PBXFrameworksBuildPhase section */

/* Begin PBXGroup section */
		2EF41E0F24D6F64200422C5C = {
			isa = PBXGroup;
			children = (
				2EF41E2F24D6F68E00422C5C /* .gitignore */,
				2EF41E1A24D6F64200422C5C /* MyPlaces */,
				2EF41E1924D6F64200422C5C /* Products */,
			);
			sourceTree = "<group>";
		};
		2EF41E1924D6F64200422C5C /* Products */ = {
			isa = PBXGroup;
			children = (
				2EF41E1824D6F64200422C5C /* MyPlaces.app */,
			);
			name = Products;
			sourceTree = "<group>";
		};
		2EF41E1A24D6F64200422C5C /* MyPlaces */ = {
			isa = PBXGroup;
			children = (
				2EF41E1B24D6F64200422C5C /* AppDelegate.swift */,
				2EF41E1D24D6F64200422C5C /* SceneDelegate.swift */,
				2EF41E3124D6F82000422C5C /* MainViewController.swift */,
				2E48A26024D71171006EA273 /* CustomTableViewCell.swift */,
				2E48A26224D71768006EA273 /* PlaceModel.swift */,
				2EB31FD424D7CEFB00F8BD67 /* NewPlaceViewController.swift */,
				2EF41E2124D6F64200422C5C /* Main.storyboard */,
				2EF41E2424D6F64600422C5C /* Assets.xcassets */,
				2EF41E2624D6F64600422C5C /* LaunchScreen.storyboard */,
				2EF41E2924D6F64600422C5C /* Info.plist */,
			);
			path = MyPlaces;
			sourceTree = "<group>";
		};
/* End PBXGroup section */

/* Begin PBXNativeTarget section */
		2EF41E1724D6F64200422C5C /* MyPlaces */ = {
			isa = PBXNativeTarget;
			buildConfigurationList = 2EF41E2C24D6F64600422C5C /* Build configuration list for PBXNativeTarget "MyPlaces" */;
			buildPhases = (
				2EF41E1424D6F64200422C5C /* Sources */,
				2EF41E1524D6F64200422C5C /* Frameworks */,
				2EF41E1624D6F64200422C5C /* Resources */,
			);
			buildRules = (
			);
			dependencies = (
			);
			name = MyPlaces;
			productName = MyPlaces;
			productReference = 2EF41E1824D6F64200422C5C /* MyPlaces.app */;
			productType = "com.apple.product-type.application";
		};
/* End PBXNativeTarget section */

/* Begin PBXProject section */
		2EF41E1024D6F64200422C5C /* Project object */ = {
			isa = PBXProject;
			attributes = {
				LastSwiftUpdateCheck = 1160;
				LastUpgradeCheck = 1160;
				ORGANIZATIONNAME = "Alexander Pride";
				TargetAttributes = {
					2EF41E1724D6F64200422C5C = {
						CreatedOnToolsVersion = 11.6;
					};
				};
			};
			buildConfigurationList = 2EF41E1324D6F64200422C5C /* Build configuration list for PBXProject "MyPlaces" */;
			compatibilityVersion = "Xcode 9.3";
			developmentRegion = en;
			hasScannedForEncodings = 0;
			knownRegions = (
				en,
				Base,
			);
			mainGroup = 2EF41E0F24D6F64200422C5C;
			productRefGroup = 2EF41E1924D6F64200422C5C /* Products */;
			projectDirPath = "";
			projectRoot = "";
			targets = (
				2EF41E1724D6F64200422C5C /* MyPlaces */,
			);
		};
/* End PBXProject section */

/* Begin PBXResourcesBuildPhase section */
		2EF41E1624D6F64200422C5C /* Resources */ = {
			isa = PBXResourcesBuildPhase;
			buildActionMask = 2147483647;
			files = (
				2EF41E3024D6F68E00422C5C /* .gitignore in Resources */,
				2EF41E2824D6F64600422C5C /* LaunchScreen.storyboard in Resources */,
				2EF41E2524D6F64600422C5C /* Assets.xcassets in Resources */,
				2EF41E2324D6F64200422C5C /* Main.storyboard in Resources */,
			);
			runOnlyForDeploymentPostprocessing = 0;
		};
/* End PBXResourcesBuildPhase section */

/* Begin PBXSourcesBuildPhase section */
		2EF41E1424D6F64200422C5C /* Sources */ = {
			isa = PBXSourcesBuildPhase;
			buildActionMask = 2147483647;
			files = (
				2EF41E3224D6F82000422C5C /* MainViewController.swift in Sources */,
				2EB31FD524D7CEFB00F8BD67 /* NewPlaceViewController.swift in Sources */,
				2EF41E1C24D6F64200422C5C /* AppDelegate.swift in Sources */,
				2E48A26324D71769006EA273 /* PlaceModel.swift in Sources */,
				2E48A26124D71171006EA273 /* CustomTableViewCell.swift in Sources */,
				2EF41E1E24D6F64200422C5C /* SceneDelegate.swift in Sources */,
			);
			runOnlyForDeploymentPostprocessing = 0;
		};
/* End PBXSourcesBuildPhase section */

/* Begin PBXVariantGroup section */
		2EF41E2124D6F64200422C5C /* Main.storyboard */ = {
			isa = PBXVariantGroup;
			children = (
				2EF41E2224D6F64200422C5C /* Base */,
			);
			name = Main.storyboard;
			sourceTree = "<group>";
		};
		2EF41E2624D6F64600422C5C /* LaunchScreen.storyboard */ = {
			isa = PBXVariantGroup;
			children = (
				2EF41E2724D6F64600422C5C /* Base */,
			);
			name = LaunchScreen.storyboard;
			sourceTree = "<group>";
		};
/* End PBXVariantGroup section */

/* Begin XCBuildConfiguration section */
		2EF41E2A24D6F64600422C5C /* Debug */ = {
			isa = XCBuildConfiguration;
			buildSettings = {
				ALWAYS_SEARCH_USER_PATHS = NO;
				CLANG_ANALYZER_NONNULL = YES;
				CLANG_ANALYZER_NUMBER_OBJECT_CONVERSION = YES_AGGRESSIVE;
				CLANG_CXX_LANGUAGE_STANDARD = "gnu++14";
				CLANG_CXX_LIBRARY = "libc++";
				CLANG_ENABLE_MODULES = YES;
				CLANG_ENABLE_OBJC_ARC = YES;
				CLANG_ENABLE_OBJC_WEAK = YES;
				CLANG_WARN_BLOCK_CAPTURE_AUTORELEASING = YES;
				CLANG_WARN_BOOL_CONVERSION = YES;
				CLANG_WARN_COMMA = YES;
				CLANG_WARN_CONSTANT_CONVERSION = YES;
				CLANG_WARN_DEPRECATED_OBJC_IMPLEMENTATIONS = YES;
				CLANG_WARN_DIRECT_OBJC_ISA_USAGE = YES_ERROR;
				CLANG_WARN_DOCUMENTATION_COMMENTS = YES;
				CLANG_WARN_EMPTY_BODY = YES;
				CLANG_WARN_ENUM_CONVERSION = YES;
				CLANG_WARN_INFINITE_RECURSION = YES;
				CLANG_WARN_INT_CONVERSION = YES;
				CLANG_WARN_NON_LITERAL_NULL_CONVERSION = YES;
				CLANG_WARN_OBJC_IMPLICIT_RETAIN_SELF = YES;
				CLANG_WARN_OBJC_LITERAL_CONVERSION = YES;
				CLANG_WARN_OBJC_ROOT_CLASS = YES_ERROR;
				CLANG_WARN_RANGE_LOOP_ANALYSIS = YES;
				CLANG_WARN_STRICT_PROTOTYPES = YES;
				CLANG_WARN_SUSPICIOUS_MOVE = YES;
				CLANG_WARN_UNGUARDED_AVAILABILITY = YES_AGGRESSIVE;
				CLANG_WARN_UNREACHABLE_CODE = YES;
				CLANG_WARN__DUPLICATE_METHOD_MATCH = YES;
				COPY_PHASE_STRIP = NO;
				DEBUG_INFORMATION_FORMAT = dwarf;
				ENABLE_STRICT_OBJC_MSGSEND = YES;
				ENABLE_TESTABILITY = YES;
				GCC_C_LANGUAGE_STANDARD = gnu11;
				GCC_DYNAMIC_NO_PIC = NO;
				GCC_NO_COMMON_BLOCKS = YES;
				GCC_OPTIMIZATION_LEVEL = 0;
				GCC_PREPROCESSOR_DEFINITIONS = (
					"DEBUG=1",
					"$(inherited)",
				);
				GCC_WARN_64_TO_32_BIT_CONVERSION = YES;
				GCC_WARN_ABOUT_RETURN_TYPE = YES_ERROR;
				GCC_WARN_UNDECLARED_SELECTOR = YES;
				GCC_WARN_UNINITIALIZED_AUTOS = YES_AGGRESSIVE;
				GCC_WARN_UNUSED_FUNCTION = YES;
				GCC_WARN_UNUSED_VARIABLE = YES;
				IPHONEOS_DEPLOYMENT_TARGET = 13.6;
				MTL_ENABLE_DEBUG_INFO = INCLUDE_SOURCE;
				MTL_FAST_MATH = YES;
				ONLY_ACTIVE_ARCH = YES;
				SDKROOT = iphoneos;
				SWIFT_ACTIVE_COMPILATION_CONDITIONS = DEBUG;
				SWIFT_OPTIMIZATION_LEVEL = "-Onone";
			};
			name = Debug;
		};
		2EF41E2B24D6F64600422C5C /* Release */ = {
			isa = XCBuildConfiguration;
			buildSettings = {
				ALWAYS_SEARCH_USER_PATHS = NO;
				CLANG_ANALYZER_NONNULL = YES;
				CLANG_ANALYZER_NUMBER_OBJECT_CONVERSION = YES_AGGRESSIVE;
				CLANG_CXX_LANGUAGE_STANDARD = "gnu++14";
				CLANG_CXX_LIBRARY = "libc++";
				CLANG_ENABLE_MODULES = YES;
				CLANG_ENABLE_OBJC_ARC = YES;
				CLANG_ENABLE_OBJC_WEAK = YES;
				CLANG_WARN_BLOCK_CAPTURE_AUTORELEASING = YES;
				CLANG_WARN_BOOL_CONVERSION = YES;
				CLANG_WARN_COMMA = YES;
				CLANG_WARN_CONSTANT_CONVERSION = YES;
				CLANG_WARN_DEPRECATED_OBJC_IMPLEMENTATIONS = YES;
				CLANG_WARN_DIRECT_OBJC_ISA_USAGE = YES_ERROR;
				CLANG_WARN_DOCUMENTATION_COMMENTS = YES;
				CLANG_WARN_EMPTY_BODY = YES;
				CLANG_WARN_ENUM_CONVERSION = YES;
				CLANG_WARN_INFINITE_RECURSION = YES;
				CLANG_WARN_INT_CONVERSION = YES;
				CLANG_WARN_NON_LITERAL_NULL_CONVERSION = YES;
				CLANG_WARN_OBJC_IMPLICIT_RETAIN_SELF = YES;
				CLANG_WARN_OBJC_LITERAL_CONVERSION = YES;
				CLANG_WARN_OBJC_ROOT_CLASS = YES_ERROR;
				CLANG_WARN_RANGE_LOOP_ANALYSIS = YES;
				CLANG_WARN_STRICT_PROTOTYPES = YES;
				CLANG_WARN_SUSPICIOUS_MOVE = YES;
				CLANG_WARN_UNGUARDED_AVAILABILITY = YES_AGGRESSIVE;
				CLANG_WARN_UNREACHABLE_CODE = YES;
				CLANG_WARN__DUPLICATE_METHOD_MATCH = YES;
				COPY_PHASE_STRIP = NO;
				DEBUG_INFORMATION_FORMAT = "dwarf-with-dsym";
				ENABLE_NS_ASSERTIONS = NO;
				ENABLE_STRICT_OBJC_MSGSEND = YES;
				GCC_C_LANGUAGE_STANDARD = gnu11;
				GCC_NO_COMMON_BLOCKS = YES;
				GCC_WARN_64_TO_32_BIT_CONVERSION = YES;
				GCC_WARN_ABOUT_RETURN_TYPE = YES_ERROR;
				GCC_WARN_UNDECLARED_SELECTOR = YES;
				GCC_WARN_UNINITIALIZED_AUTOS = YES_AGGRESSIVE;
				GCC_WARN_UNUSED_FUNCTION = YES;
				GCC_WARN_UNUSED_VARIABLE = YES;
				IPHONEOS_DEPLOYMENT_TARGET = 13.6;
				MTL_ENABLE_DEBUG_INFO = NO;
				MTL_FAST_MATH = YES;
				SDKROOT = iphoneos;
				SWIFT_COMPILATION_MODE = wholemodule;
				SWIFT_OPTIMIZATION_LEVEL = "-O";
				VALIDATE_PRODUCT = YES;
			};
			name = Release;
		};
		2EF41E2D24D6F64600422C5C /* Debug */ = {
			isa = XCBuildConfiguration;
			buildSettings = {
				ASSETCATALOG_COMPILER_APPICON_NAME = AppIcon;
				CODE_SIGN_STYLE = Automatic;
				DEVELOPMENT_TEAM = 2S52Q5VDX5;
				INFOPLIST_FILE = MyPlaces/Info.plist;
				LD_RUNPATH_SEARCH_PATHS = (
					"$(inherited)",
					"@executable_path/Frameworks",
				);
				PRODUCT_BUNDLE_IDENTIFIER = a.pride.MyPlaces;
				PRODUCT_NAME = "$(TARGET_NAME)";
				SWIFT_VERSION = 5.0;
				TARGETED_DEVICE_FAMILY = "1,2";
			};
			name = Debug;
		};
		2EF41E2E24D6F64600422C5C /* Release */ = {
			isa = XCBuildConfiguration;
			buildSettings = {
				ASSETCATALOG_COMPILER_APPICON_NAME = AppIcon;
				CODE_SIGN_STYLE = Automatic;
				DEVELOPMENT_TEAM = 2S52Q5VDX5;
				INFOPLIST_FILE = MyPlaces/Info.plist;
				LD_RUNPATH_SEARCH_PATHS = (
					"$(inherited)",
					"@executable_path/Frameworks",
				);
				PRODUCT_BUNDLE_IDENTIFIER = a.pride.MyPlaces;
				PRODUCT_NAME = "$(TARGET_NAME)";
				SWIFT_VERSION = 5.0;
				TARGETED_DEVICE_FAMILY = "1,2";
			};
			name = Release;
		};
/* End XCBuildConfiguration section */

/* Begin XCConfigurationList section */
		2EF41E1324D6F64200422C5C /* Build configuration list for PBXProject "MyPlaces" */ = {
			isa = XCConfigurationList;
			buildConfigurations = (
				2EF41E2A24D6F64600422C5C /* Debug */,
				2EF41E2B24D6F64600422C5C /* Release */,
			);
			defaultConfigurationIsVisible = 0;
			defaultConfigurationName = Release;
		};
		2EF41E2C24D6F64600422C5C /* Build configuration list for PBXNativeTarget "MyPlaces" */ = {
			isa = XCConfigurationList;
			buildConfigurations = (
				2EF41E2D24D6F64600422C5C /* Debug */,
				2EF41E2E24D6F64600422C5C /* Release */,
			);
			defaultConfigurationIsVisible = 0;
			defaultConfigurationName = Release;
		};
/* End XCConfigurationList section */
	};
	rootObject = 2EF41E1024D6F64200422C5C /* Project object */;
}
